
Microsoft Visual Studio Solution File, Format Version 12.00
# Visual Studio Version 16
VisualStudioVersion = 16.0.30204.135
MinimumVisualStudioVersion = 10.0.40219.1
Project("{9A19103F-16F7-4668-BE54-9A1E7A4F7556}") = "CabbieFoodz", "CabbieFoodz.csproj", "{8AE2EB47-E2E8-4436-A78B-56839728B19F}"
EndProject
Global
	GlobalSection(SolutionConfigurationPlatforms) = preSolution
		Debug|Any CPU = Debug|Any CPU
		Release|Any CPU = Release|Any CPU
	EndGlobalSection
	GlobalSection(ProjectConfigurationPlatforms) = postSolution
		{8AE2EB47-E2E8-4436-A78B-56839728B19F}.Debug|Any CPU.ActiveCfg = Debug|Any CPU
		{8AE2EB47-E2E8-4436-A78B-56839728B19F}.Debug|Any CPU.Build.0 = Debug|Any CPU
		{8AE2EB47-E2E8-4436-A78B-56839728B19F}.Release|Any CPU.ActiveCfg = Release|Any CPU
		{8AE2EB47-E2E8-4436-A78B-56839728B19F}.Release|Any CPU.Build.0 = Release|Any CPU
	EndGlobalSection
	GlobalSection(SolutionProperties) = preSolution
		HideSolutionNode = FALSE
	EndGlobalSection
	GlobalSection(ExtensibilityGlobals) = postSolution
		SolutionGuid = {B4AD4391-26E6-4855-98F7-F49A9765B075}
	EndGlobalSection
EndGlobal
